
Microsoft Visual Studio Solution File, Format Version 12.00
# Visual Studio Version 17
VisualStudioVersion = 17.6.33815.320
MinimumVisualStudioVersion = 10.0.40219.1
Project("{FAE04EC0-301F-11D3-BF4B-00C04F79EFBC}") = "ExcelSheetNameList", "ExcelSheetNameList\ExcelSheetNameList.csproj", "{26141B6F-43A5-439B-BB50-745D36E432C4}"
EndProject
Project("{2150E333-8FDC-42A3-9474-1A3956D46DE8}") = "ソリューション項目", "ソリューション項目", "{B40EE9D3-5F49-4A5F-903E-33931CEAEC3C}"
	ProjectSection(SolutionItems) = preProject
		RuleSet1.ruleset = RuleSet1.ruleset
	EndProjectSection
EndProject
Project("{2150E333-8FDC-42A3-9474-1A3956D46DE8}") = "Solution Items", "Solution Items", "{89354A69-7208-4F61-A150-9656C01B51DD}"
	ProjectSection(SolutionItems) = preProject
		.editorconfig = .editorconfig
	EndProjectSection
EndProject
Global
	GlobalSection(SolutionConfigurationPlatforms) = preSolution
		Debug|Any CPU = Debug|Any CPU
		Release|Any CPU = Release|Any CPU
	EndGlobalSection
	GlobalSection(ProjectConfigurationPlatforms) = postSolution
		{26141B6F-43A5-439B-BB50-745D36E432C4}.Debug|Any CPU.ActiveCfg = Debug|Any CPU
		{26141B6F-43A5-439B-BB50-745D36E432C4}.Debug|Any CPU.Build.0 = Debug|Any CPU
		{26141B6F-43A5-439B-BB50-745D36E432C4}.Release|Any CPU.ActiveCfg = Release|Any CPU
		{26141B6F-43A5-439B-BB50-745D36E432C4}.Release|Any CPU.Build.0 = Release|Any CPU
	EndGlobalSection
	GlobalSection(SolutionProperties) = preSolution
		HideSolutionNode = FALSE
	EndGlobalSection
	GlobalSection(ExtensibilityGlobals) = postSolution
		SolutionGuid = {FB1167D0-711C-4794-9D50-28DFAFB16702}
	EndGlobalSection
EndGlobal
